
Microsoft Visual Studio Solution File, Format Version 12.00
# Visual Studio Version 17
VisualStudioVersion = 17.3.32819.101
MinimumVisualStudioVersion = 10.0.40219.1
Project("{9A19103F-16F7-4668-BE54-9A1E7A4F7556}") = "AppDemo", "AppDemo\AppDemo.csproj", "{1252F745-F1D8-4ECC-8F1B-873BF4046F9C}"
EndProject
Project("{FAE04EC0-301F-11D3-BF4B-00C04F79EFBC}") = "AppDemoTest", "AppDemoTest\AppDemoTest.csproj", "{83902DC2-0382-4336-802D-48CE61BB4602}"
EndProject
Global
	GlobalSection(SolutionConfigurationPlatforms) = preSolution
		Debug|Any CPU = Debug|Any CPU
		Release|Any CPU = Release|Any CPU
	EndGlobalSection
	GlobalSection(ProjectConfigurationPlatforms) = postSolution
		{1252F745-F1D8-4ECC-8F1B-873BF4046F9C}.Debug|Any CPU.ActiveCfg = Debug|Any CPU
		{1252F745-F1D8-4ECC-8F1B-873BF4046F9C}.Debug|Any CPU.Build.0 = Debug|Any CPU
		{1252F745-F1D8-4ECC-8F1B-873BF4046F9C}.Release|Any CPU.ActiveCfg = Release|Any CPU
		{1252F745-F1D8-4ECC-8F1B-873BF4046F9C}.Release|Any CPU.Build.0 = Release|Any CPU
		{83902DC2-0382-4336-802D-48CE61BB4602}.Debug|Any CPU.ActiveCfg = Debug|Any CPU
		{83902DC2-0382-4336-802D-48CE61BB4602}.Debug|Any CPU.Build.0 = Debug|Any CPU
		{83902DC2-0382-4336-802D-48CE61BB4602}.Release|Any CPU.ActiveCfg = Release|Any CPU
		{83902DC2-0382-4336-802D-48CE61BB4602}.Release|Any CPU.Build.0 = Release|Any CPU
	EndGlobalSection
	GlobalSection(SolutionProperties) = preSolution
		HideSolutionNode = FALSE
	EndGlobalSection
	GlobalSection(ExtensibilityGlobals) = postSolution
		SolutionGuid = {CE731A6D-033A-457A-9161-80060EAE59B8}
	EndGlobalSection
EndGlobal
